// !$*UTF8*$!
{
	archiveVersion = 1;
	classes = {
	};
	objectVersion = 50;
	objects = {

/* Begin PBXBuildFile section */
		7EFA5C32241B3C41006151D8 /* AppDelegate.swift in Sources */ = {isa = PBXBuildFile; fileRef = 7EFA5C31241B3C41006151D8 /* AppDelegate.swift */; };
		7EFA5C34241B3C41006151D8 /* SceneDelegate.swift in Sources */ = {isa = PBXBuildFile; fileRef = 7EFA5C33241B3C41006151D8 /* SceneDelegate.swift */; };
		7EFA5C36241B3C41006151D8 /* ViewController.swift in Sources */ = {isa = PBXBuildFile; fileRef = 7EFA5C35241B3C41006151D8 /* ViewController.swift */; };
		7EFA5C3B241B3C43006151D8 /* Assets.xcassets in Resources */ = {isa = PBXBuildFile; fileRef = 7EFA5C3A241B3C43006151D8 /* Assets.xcassets */; };
		7EFA5C3E241B3C43006151D8 /* LaunchScreen.storyboard in Resources */ = {isa = PBXBuildFile; fileRef = 7EFA5C3C241B3C43006151D8 /* LaunchScreen.storyboard */; };
		8083A8CF271D3AB400EA7BE6 /* Bucket.swift in Sources */ = {isa = PBXBuildFile; fileRef = 8083A8CE271D3AB400EA7BE6 /* Bucket.swift */; };
		9AD487B6272638D600A0789B /* BucketTableViewCell.swift in Sources */ = {isa = PBXBuildFile; fileRef = 9AD487B5272638D600A0789B /* BucketTableViewCell.swift */; };
		9AD487B8272642EF00A0789B /* PushViewController.swift in Sources */ = {isa = PBXBuildFile; fileRef = 9AD487B7272642EF00A0789B /* PushViewController.swift */; };
/* End PBXBuildFile section */

/* Begin PBXFileReference section */
		7EFA5C2E241B3C41006151D8 /* Tennis.app */ = {isa = PBXFileReference; explicitFileType = wrapper.application; includeInIndex = 0; path = Tennis.app; sourceTree = BUILT_PRODUCTS_DIR; };
		7EFA5C31241B3C41006151D8 /* AppDelegate.swift */ = {isa = PBXFileReference; lastKnownFileType = sourcecode.swift; path = AppDelegate.swift; sourceTree = "<group>"; };
		7EFA5C33241B3C41006151D8 /* SceneDelegate.swift */ = {isa = PBXFileReference; lastKnownFileType = sourcecode.swift; path = SceneDelegate.swift; sourceTree = "<group>"; };
		7EFA5C35241B3C41006151D8 /* ViewController.swift */ = {isa = PBXFileReference; lastKnownFileType = sourcecode.swift; path = ViewController.swift; sourceTree = "<group>"; };
		7EFA5C3A241B3C43006151D8 /* Assets.xcassets */ = {isa = PBXFileReference; lastKnownFileType = folder.assetcatalog; path = Assets.xcassets; sourceTree = "<group>"; };
		7EFA5C3D241B3C43006151D8 /* Base */ = {isa = PBXFileReference; lastKnownFileType = file.storyboard; name = Base; path = Base.lproj/LaunchScreen.storyboard; sourceTree = "<group>"; };
		7EFA5C3F241B3C43006151D8 /* Info.plist */ = {isa = PBXFileReference; lastKnownFileType = text.plist.xml; path = Info.plist; sourceTree = "<group>"; };
		8083A8CE271D3AB400EA7BE6 /* Bucket.swift */ = {isa = PBXFileReference; fileEncoding = 4; lastKnownFileType = sourcecode.swift; path = Bucket.swift; sourceTree = "<group>"; };
		9AD487B5272638D600A0789B /* BucketTableViewCell.swift */ = {isa = PBXFileReference; lastKnownFileType = sourcecode.swift; path = BucketTableViewCell.swift; sourceTree = "<group>"; };
		9AD487B7272642EF00A0789B /* PushViewController.swift */ = {isa = PBXFileReference; lastKnownFileType = sourcecode.swift; path = PushViewController.swift; sourceTree = "<group>"; };
/* End PBXFileReference section */

/* Begin PBXFrameworksBuildPhase section */
		7EFA5C2B241B3C41006151D8 /* Frameworks */ = {
			isa = PBXFrameworksBuildPhase;
			buildActionMask = 2147483647;
			files = (
			);
			runOnlyForDeploymentPostprocessing = 0;
		};
/* End PBXFrameworksBuildPhase section */

/* Begin PBXGroup section */
		7EFA5C25241B3C41006151D8 = {
			isa = PBXGroup;
			children = (
				7EFA5C30241B3C41006151D8 /* Tennis */,
				7EFA5C2F241B3C41006151D8 /* Products */,
			);
			sourceTree = "<group>";
		};
		7EFA5C2F241B3C41006151D8 /* Products */ = {
			isa = PBXGroup;
			children = (
				7EFA5C2E241B3C41006151D8 /* Tennis.app */,
			);
			name = Products;
			sourceTree = "<group>";
		};
		7EFA5C30241B3C41006151D8 /* Tennis */ = {
			isa = PBXGroup;
			children = (
				8083A8CE271D3AB400EA7BE6 /* Bucket.swift */,
				7EFA5C31241B3C41006151D8 /* AppDelegate.swift */,
				7EFA5C33241B3C41006151D8 /* SceneDelegate.swift */,
				7EFA5C35241B3C41006151D8 /* ViewController.swift */,
				7EFA5C3A241B3C43006151D8 /* Assets.xcassets */,
				7EFA5C3C241B3C43006151D8 /* LaunchScreen.storyboard */,
				7EFA5C3F241B3C43006151D8 /* Info.plist */,
				9AD487B5272638D600A0789B /* BucketTableViewCell.swift */,
				9AD487B7272642EF00A0789B /* PushViewController.swift */,
			);
			path = Tennis;
			sourceTree = "<group>";
		};
/* End PBXGroup section */

/* Begin PBXNativeTarget section */
		7EFA5C2D241B3C41006151D8 /* Tennis */ = {
			isa = PBXNativeTarget;
			buildConfigurationList = 7EFA5C42241B3C43006151D8 /* Build configuration list for PBXNativeTarget "Tennis" */;
			buildPhases = (
				7EFA5C2A241B3C41006151D8 /* Sources */,
				7EFA5C2B241B3C41006151D8 /* Frameworks */,
				7EFA5C2C241B3C41006151D8 /* Resources */,
			);
			buildRules = (
			);
			dependencies = (
			);
			name = Tennis;
			productName = L4Starter;
			productReference = 7EFA5C2E241B3C41006151D8 /* Tennis.app */;
			productType = "com.apple.product-type.application";
		};
/* End PBXNativeTarget section */

/* Begin PBXProject section */
		7EFA5C26241B3C41006151D8 /* Project object */ = {
			isa = PBXProject;
			attributes = {
				LastSwiftUpdateCheck = 1130;
				LastUpgradeCheck = 1130;
				ORGANIZATIONNAME = "";
				TargetAttributes = {
					7EFA5C2D241B3C41006151D8 = {
						CreatedOnToolsVersion = 11.3.1;
					};
				};
			};
			buildConfigurationList = 7EFA5C29241B3C41006151D8 /* Build configuration list for PBXProject "Tennis" */;
			compatibilityVersion = "Xcode 9.3";
			developmentRegion = en;
			hasScannedForEncodings = 0;
			knownRegions = (
				en,
				Base,
			);
			mainGroup = 7EFA5C25241B3C41006151D8;
			productRefGroup = 7EFA5C2F241B3C41006151D8 /* Products */;
			projectDirPath = "";
			projectRoot = "";
			targets = (
				7EFA5C2D241B3C41006151D8 /* Tennis */,
			);
		};
/* End PBXProject section */

/* Begin PBXResourcesBuildPhase section */
		7EFA5C2C241B3C41006151D8 /* Resources */ = {
			isa = PBXResourcesBuildPhase;
			buildActionMask = 2147483647;
			files = (
				7EFA5C3E241B3C43006151D8 /* LaunchScreen.storyboard in Resources */,
				7EFA5C3B241B3C43006151D8 /* Assets.xcassets in Resources */,
			);
			runOnlyForDeploymentPostprocessing = 0;
		};
/* End PBXResourcesBuildPhase section */

/* Begin PBXSourcesBuildPhase section */
		7EFA5C2A241B3C41006151D8 /* Sources */ = {
			isa = PBXSourcesBuildPhase;
			buildActionMask = 2147483647;
			files = (
				7EFA5C36241B3C41006151D8 /* ViewController.swift in Sources */,
				7EFA5C32241B3C41006151D8 /* AppDelegate.swift in Sources */,
				9AD487B8272642EF00A0789B /* PushViewController.swift in Sources */,
				8083A8CF271D3AB400EA7BE6 /* Bucket.swift in Sources */,
				7EFA5C34241B3C41006151D8 /* SceneDelegate.swift in Sources */,
				9AD487B6272638D600A0789B /* BucketTableViewCell.swift in Sources */,
			);
			runOnlyForDeploymentPostprocessing = 0;
		};
/* End PBXSourcesBuildPhase section */

/* Begin PBXVariantGroup section */
		7EFA5C3C241B3C43006151D8 /* LaunchScreen.storyboard */ = {
			isa = PBXVariantGroup;
			children = (
				7EFA5C3D241B3C43006151D8 /* Base */,
			);
			name = LaunchScreen.storyboard;
			sourceTree = "<group>";
		};
/* End PBXVariantGroup section */

/* Begin XCBuildConfiguration section */
		7EFA5C40241B3C43006151D8 /* Debug */ = {
			isa = XCBuildConfiguration;
			buildSettings = {
				ALWAYS_SEARCH_USER_PATHS = NO;
				CLANG_ANALYZER_NONNULL = YES;
				CLANG_ANALYZER_NUMBER_OBJECT_CONVERSION = YES_AGGRESSIVE;
				CLANG_CXX_LANGUAGE_STANDARD = "gnu++14";
				CLANG_CXX_LIBRARY = "libc++";
				CLANG_ENABLE_MODULES = YES;
				CLANG_ENABLE_OBJC_ARC = YES;
				CLANG_ENABLE_OBJC_WEAK = YES;
				CLANG_WARN_BLOCK_CAPTURE_AUTORELEASING = YES;
				CLANG_WARN_BOOL_CONVERSION = YES;
				CLANG_WARN_COMMA = YES;
				CLANG_WARN_CONSTANT_CONVERSION = YES;
				CLANG_WARN_DEPRECATED_OBJC_IMPLEMENTATIONS = YES;
				CLANG_WARN_DIRECT_OBJC_ISA_USAGE = YES_ERROR;
				CLANG_WARN_DOCUMENTATION_COMMENTS = YES;
				CLANG_WARN_EMPTY_BODY = YES;
				CLANG_WARN_ENUM_CONVERSION = YES;
				CLANG_WARN_INFINITE_RECURSION = YES;
				CLANG_WARN_INT_CONVERSION = YES;
				CLANG_WARN_NON_LITERAL_NULL_CONVERSION = YES;
				CLANG_WARN_OBJC_IMPLICIT_RETAIN_SELF = YES;
				CLANG_WARN_OBJC_LITERAL_CONVERSION = YES;
				CLANG_WARN_OBJC_ROOT_CLASS = YES_ERROR;
				CLANG_WARN_RANGE_LOOP_ANALYSIS = YES;
				CLANG_WARN_STRICT_PROTOTYPES = YES;
				CLANG_WARN_SUSPICIOUS_MOVE = YES;
				CLANG_WARN_UNGUARDED_AVAILABILITY = YES_AGGRESSIVE;
				CLANG_WARN_UNREACHABLE_CODE = YES;
				CLANG_WARN__DUPLICATE_METHOD_MATCH = YES;
				COPY_PHASE_STRIP = NO;
				DEBUG_INFORMATION_FORMAT = dwarf;
				ENABLE_STRICT_OBJC_MSGSEND = YES;
				ENABLE_TESTABILITY = YES;
				GCC_C_LANGUAGE_STANDARD = gnu11;
				GCC_DYNAMIC_NO_PIC = NO;
				GCC_NO_COMMON_BLOCKS = YES;
				GCC_OPTIMIZATION_LEVEL = 0;
				GCC_PREPROCESSOR_DEFINITIONS = (
					"DEBUG=1",
					"$(inherited)",
				);
				GCC_WARN_64_TO_32_BIT_CONVERSION = YES;
				GCC_WARN_ABOUT_RETURN_TYPE = YES_ERROR;
				GCC_WARN_UNDECLARED_SELECTOR = YES;
				GCC_WARN_UNINITIALIZED_AUTOS = YES_AGGRESSIVE;
				GCC_WARN_UNUSED_FUNCTION = YES;
				GCC_WARN_UNUSED_VARIABLE = YES;
				IPHONEOS_DEPLOYMENT_TARGET = 13.2;
				MTL_ENABLE_DEBUG_INFO = INCLUDE_SOURCE;
				MTL_FAST_MATH = YES;
				ONLY_ACTIVE_ARCH = YES;
				SDKROOT = iphoneos;
				SWIFT_ACTIVE_COMPILATION_CONDITIONS = DEBUG;
				SWIFT_OPTIMIZATION_LEVEL = "-Onone";
			};
			name = Debug;
		};
		7EFA5C41241B3C43006151D8 /* Release */ = {
			isa = XCBuildConfiguration;
			buildSettings = {
				ALWAYS_SEARCH_USER_PATHS = NO;
				CLANG_ANALYZER_NONNULL = YES;
				CLANG_ANALYZER_NUMBER_OBJECT_CONVERSION = YES_AGGRESSIVE;
				CLANG_CXX_LANGUAGE_STANDARD = "gnu++14";
				CLANG_CXX_LIBRARY = "libc++";
				CLANG_ENABLE_MODULES = YES;
				CLANG_ENABLE_OBJC_ARC = YES;
				CLANG_ENABLE_OBJC_WEAK = YES;
				CLANG_WARN_BLOCK_CAPTURE_AUTORELEASING = YES;
				CLANG_WARN_BOOL_CONVERSION = YES;
				CLANG_WARN_COMMA = YES;
				CLANG_WARN_CONSTANT_CONVERSION = YES;
				CLANG_WARN_DEPRECATED_OBJC_IMPLEMENTATIONS = YES;
				CLANG_WARN_DIRECT_OBJC_ISA_USAGE = YES_ERROR;
				CLANG_WARN_DOCUMENTATION_COMMENTS = YES;
				CLANG_WARN_EMPTY_BODY = YES;
				CLANG_WARN_ENUM_CONVERSION = YES;
				CLANG_WARN_INFINITE_RECURSION = YES;
				CLANG_WARN_INT_CONVERSION = YES;
				CLANG_WARN_NON_LITERAL_NULL_CONVERSION = YES;
				CLANG_WARN_OBJC_IMPLICIT_RETAIN_SELF = YES;
				CLANG_WARN_OBJC_LITERAL_CONVERSION = YES;
				CLANG_WARN_OBJC_ROOT_CLASS = YES_ERROR;
				CLANG_WARN_RANGE_LOOP_ANALYSIS = YES;
				CLANG_WARN_STRICT_PROTOTYPES = YES;
				CLANG_WARN_SUSPICIOUS_MOVE = YES;
				CLANG_WARN_UNGUARDED_AVAILABILITY = YES_AGGRESSIVE;
				CLANG_WARN_UNREACHABLE_CODE = YES;
				CLANG_WARN__DUPLICATE_METHOD_MATCH = YES;
				COPY_PHASE_STRIP = NO;
				DEBUG_INFORMATION_FORMAT = "dwarf-with-dsym";
				ENABLE_NS_ASSERTIONS = NO;
				ENABLE_STRICT_OBJC_MSGSEND = YES;
				GCC_C_LANGUAGE_STANDARD = gnu11;
				GCC_NO_COMMON_BLOCKS = YES;
				GCC_WARN_64_TO_32_BIT_CONVERSION = YES;
				GCC_WARN_ABOUT_RETURN_TYPE = YES_ERROR;
				GCC_WARN_UNDECLARED_SELECTOR = YES;
				GCC_WARN_UNINITIALIZED_AUTOS = YES_AGGRESSIVE;
				GCC_WARN_UNUSED_FUNCTION = YES;
				GCC_WARN_UNUSED_VARIABLE = YES;
				IPHONEOS_DEPLOYMENT_TARGET = 13.2;
				MTL_ENABLE_DEBUG_INFO = NO;
				MTL_FAST_MATH = YES;
				SDKROOT = iphoneos;
				SWIFT_COMPILATION_MODE = wholemodule;
				SWIFT_OPTIMIZATION_LEVEL = "-O";
				VALIDATE_PRODUCT = YES;
			};
			name = Release;
		};
		7EFA5C43241B3C43006151D8 /* Debug */ = {
			isa = XCBuildConfiguration;
			buildSettings = {
				ASSETCATALOG_COMPILER_APPICON_NAME = AppIcon;
				CODE_SIGN_STYLE = Automatic;
				INFOPLIST_FILE = Tennis/Info.plist;
				LD_RUNPATH_SEARCH_PATHS = (
					"$(inherited)",
					"@executable_path/Frameworks",
				);
				PRODUCT_BUNDLE_IDENTIFIER = com.ChenAndrew;
				PRODUCT_NAME = "$(TARGET_NAME)";
				SWIFT_VERSION = 5.0;
				TARGETED_DEVICE_FAMILY = "1,2";
			};
			name = Debug;
		};
		7EFA5C44241B3C43006151D8 /* Release */ = {
			isa = XCBuildConfiguration;
			buildSettings = {
				ASSETCATALOG_COMPILER_APPICON_NAME = AppIcon;
				CODE_SIGN_STYLE = Automatic;
				INFOPLIST_FILE = Tennis/Info.plist;
				LD_RUNPATH_SEARCH_PATHS = (
					"$(inherited)",
					"@executable_path/Frameworks",
				);
				PRODUCT_BUNDLE_IDENTIFIER = com.ChenAndrew;
				PRODUCT_NAME = "$(TARGET_NAME)";
				SWIFT_VERSION = 5.0;
				TARGETED_DEVICE_FAMILY = "1,2";
			};
			name = Release;
		};
/* End XCBuildConfiguration section */

/* Begin XCConfigurationList section */
		7EFA5C29241B3C41006151D8 /* Build configuration list for PBXProject "Tennis" */ = {
			isa = XCConfigurationList;
			buildConfigurations = (
				7EFA5C40241B3C43006151D8 /* Debug */,
				7EFA5C41241B3C43006151D8 /* Release */,
			);
			defaultConfigurationIsVisible = 0;
			defaultConfigurationName = Release;
		};
		7EFA5C42241B3C43006151D8 /* Build configuration list for PBXNativeTarget "Tennis" */ = {
			isa = XCConfigurationList;
			buildConfigurations = (
				7EFA5C43241B3C43006151D8 /* Debug */,
				7EFA5C44241B3C43006151D8 /* Release */,
			);
			defaultConfigurationIsVisible = 0;
			defaultConfigurationName = Release;
		};
/* End XCConfigurationList section */
	};
	rootObject = 7EFA5C26241B3C41006151D8 /* Project object */;
}
